github.com/awesome-gocui/gocui v0.6.0 h1:hhDJiQC12tEsJNJ+iZBBVaSSLFYo9llFuYpQlL5JZVI=
github.com/awesome-gocui/gocui v0.6.0/go.mod h1:1QikxFaPhe2frKeKvEwZEIGia3haiOxOUXKinrv17mA=
github.com/awesome-gocui/termbox-go v0.0.0-20190427202837-c0aef3d18bcc h1:wGNpKcHU8Aadr9yOzsT3GEsFLS7HQu8HxQIomnekqf0=
github.com/awesome-gocui/termbox-go v0.0.0-20190427202837-c0aef3d18bcc/go.mod h1:tOy3o5Nf1bA17mnK4W41gD7PS3u4Cv0P0pqFcoWMy8s=
github.com/eiannone/keyboard v0.0.0-20200508000154-caf4b762e807 h1:jdjd5e68T4R/j4PWxfZqcKY8KtT9oo8IPNVuV4bSXDQ=
github.com/eiannone/keyboard v0.0.0-20200508000154-caf4b762e807/go.mod h1:Xoiu5VdKMvbRgHuY7+z64lhu/7lvax/22nzASF6GrO8=
github.com/gizak/termui v3.1.0+incompatible h1:N3CFm+j087lanTxPpHOmQs0uS3s5I9TxoAFy6DqPqv8=
github.com/gizak/termui/v3 v3.1.0 h1:ZZmVDgwHl7gR7elfKf1xc4IudXZ5qqfDh4wExk4Iajc=
github.com/gizak/termui/v3 v3.1.0/go.mod h1:bXQEBkJpzxUAKf0+xq9MSWAvWZlE7c+aidmyFlkYTrY=
github.com/go-errors/errors v1.0.1 h1:LUHzmkK3GUKUrL/1gfBUxAHzcev3apQlezX/+O7ma6w=
github.com/go-errors/errors v1.0.1/go.mod h1:f4zRHt4oKfwPJE5k8C9vpYG+aDHdBFUsgrm6/TyX73Q=
github.com/jroimartin/gocui v0.4.0 h1:52jnalstgmc25FmtGcWqa0tcbMEWS6RpFLsOIO+I+E8=
github.com/jroimartin/gocui v0.4.0/go.mod h1:7i7bbj99OgFHzo7kB2zPb8pXLqMBSQegY7azfqXMkyY=
github.com/mattn/go-runewidth v0.0.2 h1:UnlwIPBGaTZfPQ6T1IGzPI0EkYAQmT9fAEJ/poFC63o=
github.com/mattn/go-runewidth v0.0.2/go.mod h1:LwmH8dsx7+W8Uxz3IHJYH5QSwggIsqBzpuz5H//U1FU=
github.com/mattn/go-runewidth v0.0.4 h1:2BvfKmzob6Bmd4YsL0zygOqfdFnK7GR4QL06Do4/p7Y=
github.com/mattn/go-runewidth v0.0.4/go.mod h1:LwmH8dsx7+W8Uxz3IHJYH5QSwggIsqBzpuz5H//U1FU=
github.com/mitchellh/go-wordwrap v0.0.0-20150314170334-ad45545899c7 h1:DpOJ2HYzCv8LZP15IdmG+YdwD2luVPHITV96TkirNBM=
github.com/mitchellh/go-wordwrap v0.0.0-20150314170334-ad45545899c7/go.mod h1:ZXFpozHsX6DPmq2I0TCekCxypsnAUbP2oI0UX1GXzOo=
github.com/nsf/termbox-go v0.0.0-20190121233118-02980233997d h1:x3S6kxmy49zXVVyhcnrFqxvNVCBPb2KZ9hV2RBdS840=
github.com/nsf/termbox-go v0.0.0-20190121233118-02980233997d/go.mod h1:IuKpRQcYE1Tfu+oAQqaLisqDeXgjyyltCfsaoYN18NQ=
golang.org/x/sys v0.0.0-20200821140526-fda516888d29 h1:mNuhGagCf3lDDm5C0376C/sxh6V7fy9WbdEu/YDNA04=
golang.org/x/sys v0.0.0-20200821140526-fda516888d29/go.mod h1:h1NjWce9XRLGQEsW7wpKNCjG9DtNlClVuFLEZdDNbEs=
